
Microsoft Visual Studio Solution File, Format Version 12.00
# Visual Studio Version 17
VisualStudioVersion = 17.7.34031.279
MinimumVisualStudioVersion = 10.0.40219.1
Project("{9A19103F-16F7-4668-BE54-9A1E7A4F7556}") = "IssueCanvas", "IssueCanvas\IssueCanvas.csproj", "{99014F49-2F49-4721-B78A-C6D14D3F6881}"
EndProject
Project("{9A19103F-16F7-4668-BE54-9A1E7A4F7556}") = "IssueCanvas.Desktop", "IssueCanvas.Desktop\IssueCanvas.Desktop.csproj", "{7CDB80B2-68CF-494D-B111-73CFCE5D00D0}"
EndProject
Global
	GlobalSection(SolutionConfigurationPlatforms) = preSolution
		Debug|Any CPU = Debug|Any CPU
		Release|Any CPU = Release|Any CPU
	EndGlobalSection
	GlobalSection(ProjectConfigurationPlatforms) = postSolution
		{99014F49-2F49-4721-B78A-C6D14D3F6881}.Debug|Any CPU.ActiveCfg = Debug|Any CPU
		{99014F49-2F49-4721-B78A-C6D14D3F6881}.Debug|Any CPU.Build.0 = Debug|Any CPU
		{99014F49-2F49-4721-B78A-C6D14D3F6881}.Release|Any CPU.ActiveCfg = Release|Any CPU
		{99014F49-2F49-4721-B78A-C6D14D3F6881}.Release|Any CPU.Build.0 = Release|Any CPU
		{7CDB80B2-68CF-494D-B111-73CFCE5D00D0}.Debug|Any CPU.ActiveCfg = Debug|Any CPU
		{7CDB80B2-68CF-494D-B111-73CFCE5D00D0}.Debug|Any CPU.Build.0 = Debug|Any CPU
		{7CDB80B2-68CF-494D-B111-73CFCE5D00D0}.Release|Any CPU.ActiveCfg = Release|Any CPU
		{7CDB80B2-68CF-494D-B111-73CFCE5D00D0}.Release|Any CPU.Build.0 = Release|Any CPU
	EndGlobalSection
	GlobalSection(SolutionProperties) = preSolution
		HideSolutionNode = FALSE
	EndGlobalSection
	GlobalSection(ExtensibilityGlobals) = postSolution
		SolutionGuid = {828DC2BC-9F02-48CF-B53E-CC90FBD72A21}
	EndGlobalSection
EndGlobal
